// !$*UTF8*$!
{
	archiveVersion = 1;
	classes = {
	};
	objectVersion = 55;
	objects = {

/* Begin PBXBuildFile section */
		34491C5BE6FDC22074EA218B /* Pods_payze_ios_sdk_example.framework in Frameworks */ = {isa = PBXBuildFile; fileRef = B3785823BE8EB824D74616CC /* Pods_payze_ios_sdk_example.framework */; };
		AE7AF58B278F77270084F89F /* AppDelegate.swift in Sources */ = {isa = PBXBuildFile; fileRef = AE7AF58A278F77270084F89F /* AppDelegate.swift */; };
		AE7AF58D278F77270084F89F /* SceneDelegate.swift in Sources */ = {isa = PBXBuildFile; fileRef = AE7AF58C278F77270084F89F /* SceneDelegate.swift */; };
		AE7AF58F278F77270084F89F /* ViewController.swift in Sources */ = {isa = PBXBuildFile; fileRef = AE7AF58E278F77270084F89F /* ViewController.swift */; };
		AE7AF592278F77270084F89F /* Main.storyboard in Resources */ = {isa = PBXBuildFile; fileRef = AE7AF590278F77270084F89F /* Main.storyboard */; };
		AE7AF594278F77290084F89F /* Assets.xcassets in Resources */ = {isa = PBXBuildFile; fileRef = AE7AF593278F77290084F89F /* Assets.xcassets */; };
		AE7AF597278F77290084F89F /* LaunchScreen.storyboard in Resources */ = {isa = PBXBuildFile; fileRef = AE7AF595278F77290084F89F /* LaunchScreen.storyboard */; };
/* End PBXBuildFile section */

/* Begin PBXFileReference section */
		06C38755EFECBA6EB3F030C6 /* Pods-payze-ios-sdk-example.release.xcconfig */ = {isa = PBXFileReference; includeInIndex = 1; lastKnownFileType = text.xcconfig; name = "Pods-payze-ios-sdk-example.release.xcconfig"; path = "Target Support Files/Pods-payze-ios-sdk-example/Pods-payze-ios-sdk-example.release.xcconfig"; sourceTree = "<group>"; };
		9A338820806549B2004B0B1E /* Pods-payze-ios-sdk-example.debug.xcconfig */ = {isa = PBXFileReference; includeInIndex = 1; lastKnownFileType = text.xcconfig; name = "Pods-payze-ios-sdk-example.debug.xcconfig"; path = "Target Support Files/Pods-payze-ios-sdk-example/Pods-payze-ios-sdk-example.debug.xcconfig"; sourceTree = "<group>"; };
		AE7AF587278F77270084F89F /* payze-ios-sdk-example.app */ = {isa = PBXFileReference; explicitFileType = wrapper.application; includeInIndex = 0; path = "payze-ios-sdk-example.app"; sourceTree = BUILT_PRODUCTS_DIR; };
		AE7AF58A278F77270084F89F /* AppDelegate.swift */ = {isa = PBXFileReference; lastKnownFileType = sourcecode.swift; path = AppDelegate.swift; sourceTree = "<group>"; };
		AE7AF58C278F77270084F89F /* SceneDelegate.swift */ = {isa = PBXFileReference; lastKnownFileType = sourcecode.swift; path = SceneDelegate.swift; sourceTree = "<group>"; };
		AE7AF58E278F77270084F89F /* ViewController.swift */ = {isa = PBXFileReference; lastKnownFileType = sourcecode.swift; path = ViewController.swift; sourceTree = "<group>"; };
		AE7AF591278F77270084F89F /* Base */ = {isa = PBXFileReference; lastKnownFileType = file.storyboard; name = Base; path = Base.lproj/Main.storyboard; sourceTree = "<group>"; };
		AE7AF593278F77290084F89F /* Assets.xcassets */ = {isa = PBXFileReference; lastKnownFileType = folder.assetcatalog; path = Assets.xcassets; sourceTree = "<group>"; };
		AE7AF596278F77290084F89F /* Base */ = {isa = PBXFileReference; lastKnownFileType = file.storyboard; name = Base; path = Base.lproj/LaunchScreen.storyboard; sourceTree = "<group>"; };
		AE7AF598278F77290084F89F /* Info.plist */ = {isa = PBXFileReference; lastKnownFileType = text.plist.xml; path = Info.plist; sourceTree = "<group>"; };
		B3785823BE8EB824D74616CC /* Pods_payze_ios_sdk_example.framework */ = {isa = PBXFileReference; explicitFileType = wrapper.framework; includeInIndex = 0; path = Pods_payze_ios_sdk_example.framework; sourceTree = BUILT_PRODUCTS_DIR; };
/* End PBXFileReference section */

/* Begin PBXFrameworksBuildPhase section */
		AE7AF584278F77270084F89F /* Frameworks */ = {
			isa = PBXFrameworksBuildPhase;
			buildActionMask = 2147483647;
			files = (
				34491C5BE6FDC22074EA218B /* Pods_payze_ios_sdk_example.framework in Frameworks */,
			);
			runOnlyForDeploymentPostprocessing = 0;
		};
/* End PBXFrameworksBuildPhase section */

/* Begin PBXGroup section */
		799661A96D202EDC0CE8F7B8 /* Frameworks */ = {
			isa = PBXGroup;
			children = (
				B3785823BE8EB824D74616CC /* Pods_payze_ios_sdk_example.framework */,
			);
			name = Frameworks;
			sourceTree = "<group>";
		};
		AE7AF57E278F77270084F89F = {
			isa = PBXGroup;
			children = (
				AE7AF589278F77270084F89F /* payze-ios-sdk-example */,
				AE7AF588278F77270084F89F /* Products */,
				BB8E691AC52A667D72CB55E3 /* Pods */,
				799661A96D202EDC0CE8F7B8 /* Frameworks */,
			);
			sourceTree = "<group>";
		};
		AE7AF588278F77270084F89F /* Products */ = {
			isa = PBXGroup;
			children = (
				AE7AF587278F77270084F89F /* payze-ios-sdk-example.app */,
			);
			name = Products;
			sourceTree = "<group>";
		};
		AE7AF589278F77270084F89F /* payze-ios-sdk-example */ = {
			isa = PBXGroup;
			children = (
				AE7AF58A278F77270084F89F /* AppDelegate.swift */,
				AE7AF58C278F77270084F89F /* SceneDelegate.swift */,
				AE7AF58E278F77270084F89F /* ViewController.swift */,
				AE7AF590278F77270084F89F /* Main.storyboard */,
				AE7AF593278F77290084F89F /* Assets.xcassets */,
				AE7AF595278F77290084F89F /* LaunchScreen.storyboard */,
				AE7AF598278F77290084F89F /* Info.plist */,
			);
			path = "payze-ios-sdk-example";
			sourceTree = "<group>";
		};
		BB8E691AC52A667D72CB55E3 /* Pods */ = {
			isa = PBXGroup;
			children = (
				9A338820806549B2004B0B1E /* Pods-payze-ios-sdk-example.debug.xcconfig */,
				06C38755EFECBA6EB3F030C6 /* Pods-payze-ios-sdk-example.release.xcconfig */,
			);
			name = Pods;
			path = Pods;
			sourceTree = "<group>";
		};
/* End PBXGroup section */

/* Begin PBXNativeTarget section */
		AE7AF586278F77270084F89F /* payze-ios-sdk-example */ = {
			isa = PBXNativeTarget;
			buildConfigurationList = AE7AF59B278F77290084F89F /* Build configuration list for PBXNativeTarget "payze-ios-sdk-example" */;
			buildPhases = (
				783584682FD6457188C04328 /* [CP] Check Pods Manifest.lock */,
				AE7AF583278F77270084F89F /* Sources */,
				AE7AF584278F77270084F89F /* Frameworks */,
				AE7AF585278F77270084F89F /* Resources */,
				06C8CC4EB71066AC3B880952 /* [CP] Embed Pods Frameworks */,
			);
			buildRules = (
			);
			dependencies = (
			);
			name = "payze-ios-sdk-example";
			productName = "payze-ios-sdk-example";
			productReference = AE7AF587278F77270084F89F /* payze-ios-sdk-example.app */;
			productType = "com.apple.product-type.application";
		};
/* End PBXNativeTarget section */

/* Begin PBXProject section */
		AE7AF57F278F77270084F89F /* Project object */ = {
			isa = PBXProject;
			attributes = {
				BuildIndependentTargetsInParallel = 1;
				LastSwiftUpdateCheck = 1310;
				LastUpgradeCheck = 1310;
				TargetAttributes = {
					AE7AF586278F77270084F89F = {
						CreatedOnToolsVersion = 13.1;
					};
				};
			};
			buildConfigurationList = AE7AF582278F77270084F89F /* Build configuration list for PBXProject "payze-ios-sdk-example" */;
			compatibilityVersion = "Xcode 13.0";
			developmentRegion = en;
			hasScannedForEncodings = 0;
			knownRegions = (
				en,
				Base,
			);
			mainGroup = AE7AF57E278F77270084F89F;
			productRefGroup = AE7AF588278F77270084F89F /* Products */;
			projectDirPath = "";
			projectRoot = "";
			targets = (
				AE7AF586278F77270084F89F /* payze-ios-sdk-example */,
			);
		};
/* End PBXProject section */

/* Begin PBXResourcesBuildPhase section */
		AE7AF585278F77270084F89F /* Resources */ = {
			isa = PBXResourcesBuildPhase;
			buildActionMask = 2147483647;
			files = (
				AE7AF597278F77290084F89F /* LaunchScreen.storyboard in Resources */,
				AE7AF594278F77290084F89F /* Assets.xcassets in Resources */,
				AE7AF592278F77270084F89F /* Main.storyboard in Resources */,
			);
			runOnlyForDeploymentPostprocessing = 0;
		};
/* End PBXResourcesBuildPhase section */

/* Begin PBXShellScriptBuildPhase section */
		06C8CC4EB71066AC3B880952 /* [CP] Embed Pods Frameworks */ = {
			isa = PBXShellScriptBuildPhase;
			buildActionMask = 2147483647;
			files = (
			);
			inputFileListPaths = (
				"${PODS_ROOT}/Target Support Files/Pods-payze-ios-sdk-example/Pods-payze-ios-sdk-example-frameworks-${CONFIGURATION}-input-files.xcfilelist",
			);
			name = "[CP] Embed Pods Frameworks";
			outputFileListPaths = (
				"${PODS_ROOT}/Target Support Files/Pods-payze-ios-sdk-example/Pods-payze-ios-sdk-example-frameworks-${CONFIGURATION}-output-files.xcfilelist",
			);
			runOnlyForDeploymentPostprocessing = 0;
			shellPath = /bin/sh;
			shellScript = "\"${PODS_ROOT}/Target Support Files/Pods-payze-ios-sdk-example/Pods-payze-ios-sdk-example-frameworks.sh\"\n";
			showEnvVarsInLog = 0;
		};
		783584682FD6457188C04328 /* [CP] Check Pods Manifest.lock */ = {
			isa = PBXShellScriptBuildPhase;
			buildActionMask = 2147483647;
			files = (
			);
			inputFileListPaths = (
			);
			inputPaths = (
				"${PODS_PODFILE_DIR_PATH}/Podfile.lock",
				"${PODS_ROOT}/Manifest.lock",
			);
			name = "[CP] Check Pods Manifest.lock";
			outputFileListPaths = (
			);
			outputPaths = (
				"$(DERIVED_FILE_DIR)/Pods-payze-ios-sdk-example-checkManifestLockResult.txt",
			);
			runOnlyForDeploymentPostprocessing = 0;
			shellPath = /bin/sh;
			shellScript = "diff \"${PODS_PODFILE_DIR_PATH}/Podfile.lock\" \"${PODS_ROOT}/Manifest.lock\" > /dev/null\nif [ $? != 0 ] ; then\n    # print error to STDERR\n    echo \"error: The sandbox is not in sync with the Podfile.lock. Run 'pod install' or update your CocoaPods installation.\" >&2\n    exit 1\nfi\n# This output is used by Xcode 'outputs' to avoid re-running this script phase.\necho \"SUCCESS\" > \"${SCRIPT_OUTPUT_FILE_0}\"\n";
			showEnvVarsInLog = 0;
		};
/* End PBXShellScriptBuildPhase section */

/* Begin PBXSourcesBuildPhase section */
		AE7AF583278F77270084F89F /* Sources */ = {
			isa = PBXSourcesBuildPhase;
			buildActionMask = 2147483647;
			files = (
				AE7AF58F278F77270084F89F /* ViewController.swift in Sources */,
				AE7AF58B278F77270084F89F /* AppDelegate.swift in Sources */,
				AE7AF58D278F77270084F89F /* SceneDelegate.swift in Sources */,
			);
			runOnlyForDeploymentPostprocessing = 0;
		};
/* End PBXSourcesBuildPhase section */

/* Begin PBXVariantGroup section */
		AE7AF590278F77270084F89F /* Main.storyboard */ = {
			isa = PBXVariantGroup;
			children = (
				AE7AF591278F77270084F89F /* Base */,
			);
			name = Main.storyboard;
			sourceTree = "<group>";
		};
		AE7AF595278F77290084F89F /* LaunchScreen.storyboard */ = {
			isa = PBXVariantGroup;
			children = (
				AE7AF596278F77290084F89F /* Base */,
			);
			name = LaunchScreen.storyboard;
			sourceTree = "<group>";
		};
/* End PBXVariantGroup section */

/* Begin XCBuildConfiguration section */
		AE7AF599278F77290084F89F /* Debug */ = {
			isa = XCBuildConfiguration;
			buildSettings = {
				ALWAYS_SEARCH_USER_PATHS = NO;
				CLANG_ANALYZER_NONNULL = YES;
				CLANG_ANALYZER_NUMBER_OBJECT_CONVERSION = YES_AGGRESSIVE;
				CLANG_CXX_LANGUAGE_STANDARD = "gnu++17";
				CLANG_CXX_LIBRARY = "libc++";
				CLANG_ENABLE_MODULES = YES;
				CLANG_ENABLE_OBJC_ARC = YES;
				CLANG_ENABLE_OBJC_WEAK = YES;
				CLANG_WARN_BLOCK_CAPTURE_AUTORELEASING = YES;
				CLANG_WARN_BOOL_CONVERSION = YES;
				CLANG_WARN_COMMA = YES;
				CLANG_WARN_CONSTANT_CONVERSION = YES;
				CLANG_WARN_DEPRECATED_OBJC_IMPLEMENTATIONS = YES;
				CLANG_WARN_DIRECT_OBJC_ISA_USAGE = YES_ERROR;
				CLANG_WARN_DOCUMENTATION_COMMENTS = YES;
				CLANG_WARN_EMPTY_BODY = YES;
				CLANG_WARN_ENUM_CONVERSION = YES;
				CLANG_WARN_INFINITE_RECURSION = YES;
				CLANG_WARN_INT_CONVERSION = YES;
				CLANG_WARN_NON_LITERAL_NULL_CONVERSION = YES;
				CLANG_WARN_OBJC_IMPLICIT_RETAIN_SELF = YES;
				CLANG_WARN_OBJC_LITERAL_CONVERSION = YES;
				CLANG_WARN_OBJC_ROOT_CLASS = YES_ERROR;
				CLANG_WARN_QUOTED_INCLUDE_IN_FRAMEWORK_HEADER = YES;
				CLANG_WARN_RANGE_LOOP_ANALYSIS = YES;
				CLANG_WARN_STRICT_PROTOTYPES = YES;
				CLANG_WARN_SUSPICIOUS_MOVE = YES;
				CLANG_WARN_UNGUARDED_AVAILABILITY = YES_AGGRESSIVE;
				CLANG_WARN_UNREACHABLE_CODE = YES;
				CLANG_WARN__DUPLICATE_METHOD_MATCH = YES;
				COPY_PHASE_STRIP = NO;
				DEBUG_INFORMATION_FORMAT = dwarf;
				ENABLE_STRICT_OBJC_MSGSEND = YES;
				ENABLE_TESTABILITY = YES;
				GCC_C_LANGUAGE_STANDARD = gnu11;
				GCC_DYNAMIC_NO_PIC = NO;
				GCC_NO_COMMON_BLOCKS = YES;
				GCC_OPTIMIZATION_LEVEL = 0;
				GCC_PREPROCESSOR_DEFINITIONS = (
					"DEBUG=1",
					"$(inherited)",
				);
				GCC_WARN_64_TO_32_BIT_CONVERSION = YES;
				GCC_WARN_ABOUT_RETURN_TYPE = YES_ERROR;
				GCC_WARN_UNDECLARED_SELECTOR = YES;
				GCC_WARN_UNINITIALIZED_AUTOS = YES_AGGRESSIVE;
				GCC_WARN_UNUSED_FUNCTION = YES;
				GCC_WARN_UNUSED_VARIABLE = YES;
				IPHONEOS_DEPLOYMENT_TARGET = 15.0;
				MTL_ENABLE_DEBUG_INFO = INCLUDE_SOURCE;
				MTL_FAST_MATH = YES;
				ONLY_ACTIVE_ARCH = YES;
				SDKROOT = iphoneos;
				SWIFT_ACTIVE_COMPILATION_CONDITIONS = DEBUG;
				SWIFT_OPTIMIZATION_LEVEL = "-Onone";
			};
			name = Debug;
		};
		AE7AF59A278F77290084F89F /* Release */ = {
			isa = XCBuildConfiguration;
			buildSettings = {
				ALWAYS_SEARCH_USER_PATHS = NO;
				CLANG_ANALYZER_NONNULL = YES;
				CLANG_ANALYZER_NUMBER_OBJECT_CONVERSION = YES_AGGRESSIVE;
				CLANG_CXX_LANGUAGE_STANDARD = "gnu++17";
				CLANG_CXX_LIBRARY = "libc++";
				CLANG_ENABLE_MODULES = YES;
				CLANG_ENABLE_OBJC_ARC = YES;
				CLANG_ENABLE_OBJC_WEAK = YES;
				CLANG_WARN_BLOCK_CAPTURE_AUTORELEASING = YES;
				CLANG_WARN_BOOL_CONVERSION = YES;
				CLANG_WARN_COMMA = YES;
				CLANG_WARN_CONSTANT_CONVERSION = YES;
				CLANG_WARN_DEPRECATED_OBJC_IMPLEMENTATIONS = YES;
				CLANG_WARN_DIRECT_OBJC_ISA_USAGE = YES_ERROR;
				CLANG_WARN_DOCUMENTATION_COMMENTS = YES;
				CLANG_WARN_EMPTY_BODY = YES;
				CLANG_WARN_ENUM_CONVERSION = YES;
				CLANG_WARN_INFINITE_RECURSION = YES;
				CLANG_WARN_INT_CONVERSION = YES;
				CLANG_WARN_NON_LITERAL_NULL_CONVERSION = YES;
				CLANG_WARN_OBJC_IMPLICIT_RETAIN_SELF = YES;
				CLANG_WARN_OBJC_LITERAL_CONVERSION = YES;
				CLANG_WARN_OBJC_ROOT_CLASS = YES_ERROR;
				CLANG_WARN_QUOTED_INCLUDE_IN_FRAMEWORK_HEADER = YES;
				CLANG_WARN_RANGE_LOOP_ANALYSIS = YES;
				CLANG_WARN_STRICT_PROTOTYPES = YES;
				CLANG_WARN_SUSPICIOUS_MOVE = YES;
				CLANG_WARN_UNGUARDED_AVAILABILITY = YES_AGGRESSIVE;
				CLANG_WARN_UNREACHABLE_CODE = YES;
				CLANG_WARN__DUPLICATE_METHOD_MATCH = YES;
				COPY_PHASE_STRIP = NO;
				DEBUG_INFORMATION_FORMAT = "dwarf-with-dsym";
				ENABLE_NS_ASSERTIONS = NO;
				ENABLE_STRICT_OBJC_MSGSEND = YES;
				GCC_C_LANGUAGE_STANDARD = gnu11;
				GCC_NO_COMMON_BLOCKS = YES;
				GCC_WARN_64_TO_32_BIT_CONVERSION = YES;
				GCC_WARN_ABOUT_RETURN_TYPE = YES_ERROR;
				GCC_WARN_UNDECLARED_SELECTOR = YES;
				GCC_WARN_UNINITIALIZED_AUTOS = YES_AGGRESSIVE;
				GCC_WARN_UNUSED_FUNCTION = YES;
				GCC_WARN_UNUSED_VARIABLE = YES;
				IPHONEOS_DEPLOYMENT_TARGET = 15.0;
				MTL_ENABLE_DEBUG_INFO = NO;
				MTL_FAST_MATH = YES;
				SDKROOT = iphoneos;
				SWIFT_COMPILATION_MODE = wholemodule;
				SWIFT_OPTIMIZATION_LEVEL = "-O";
				VALIDATE_PRODUCT = YES;
			};
			name = Release;
		};
		AE7AF59C278F77290084F89F /* Debug */ = {
			isa = XCBuildConfiguration;
			baseConfigurationReference = 9A338820806549B2004B0B1E /* Pods-payze-ios-sdk-example.debug.xcconfig */;
			buildSettings = {
				ASSETCATALOG_COMPILER_APPICON_NAME = AppIcon;
				ASSETCATALOG_COMPILER_GLOBAL_ACCENT_COLOR_NAME = AccentColor;
				CODE_SIGN_STYLE = Automatic;
				CURRENT_PROJECT_VERSION = 1;
				DEVELOPMENT_TEAM = 4GQ9323TQC;
				GENERATE_INFOPLIST_FILE = YES;
				INFOPLIST_FILE = "payze-ios-sdk-example/Info.plist";
				INFOPLIST_KEY_UIApplicationSupportsIndirectInputEvents = YES;
				INFOPLIST_KEY_UILaunchStoryboardName = LaunchScreen;
				INFOPLIST_KEY_UIMainStoryboardFile = Main;
				INFOPLIST_KEY_UISupportedInterfaceOrientations_iPad = "UIInterfaceOrientationPortrait UIInterfaceOrientationPortraitUpsideDown UIInterfaceOrientationLandscapeLeft UIInterfaceOrientationLandscapeRight";
				INFOPLIST_KEY_UISupportedInterfaceOrientations_iPhone = "UIInterfaceOrientationPortrait UIInterfaceOrientationLandscapeLeft UIInterfaceOrientationLandscapeRight";
				LD_RUNPATH_SEARCH_PATHS = (
					"$(inherited)",
					"@executable_path/Frameworks",
				);
				MARKETING_VERSION = 1.0;
				PRODUCT_BUNDLE_IDENTIFIER = "bakur.khalvashi.payze-ios-sdk-example";
				PRODUCT_NAME = "$(TARGET_NAME)";
				SWIFT_EMIT_LOC_STRINGS = YES;
				SWIFT_VERSION = 5.0;
				TARGETED_DEVICE_FAMILY = "1,2";
			};
			name = Debug;
		};
		AE7AF59D278F77290084F89F /* Release */ = {
			isa = XCBuildConfiguration;
			baseConfigurationReference = 06C38755EFECBA6EB3F030C6 /* Pods-payze-ios-sdk-example.release.xcconfig */;
			buildSettings = {
				ASSETCATALOG_COMPILER_APPICON_NAME = AppIcon;
				ASSETCATALOG_COMPILER_GLOBAL_ACCENT_COLOR_NAME = AccentColor;
				CODE_SIGN_STYLE = Automatic;
				CURRENT_PROJECT_VERSION = 1;
				DEVELOPMENT_TEAM = 4GQ9323TQC;
				GENERATE_INFOPLIST_FILE = YES;
				INFOPLIST_FILE = "payze-ios-sdk-example/Info.plist";
				INFOPLIST_KEY_UIApplicationSupportsIndirectInputEvents = YES;
				INFOPLIST_KEY_UILaunchStoryboardName = LaunchScreen;
				INFOPLIST_KEY_UIMainStoryboardFile = Main;
				INFOPLIST_KEY_UISupportedInterfaceOrientations_iPad = "UIInterfaceOrientationPortrait UIInterfaceOrientationPortraitUpsideDown UIInterfaceOrientationLandscapeLeft UIInterfaceOrientationLandscapeRight";
				INFOPLIST_KEY_UISupportedInterfaceOrientations_iPhone = "UIInterfaceOrientationPortrait UIInterfaceOrientationLandscapeLeft UIInterfaceOrientationLandscapeRight";
				LD_RUNPATH_SEARCH_PATHS = (
					"$(inherited)",
					"@executable_path/Frameworks",
				);
				MARKETING_VERSION = 1.0;
				PRODUCT_BUNDLE_IDENTIFIER = "bakur.khalvashi.payze-ios-sdk-example";
				PRODUCT_NAME = "$(TARGET_NAME)";
				SWIFT_EMIT_LOC_STRINGS = YES;
				SWIFT_VERSION = 5.0;
				TARGETED_DEVICE_FAMILY = "1,2";
			};
			name = Release;
		};
/* End XCBuildConfiguration section */

/* Begin XCConfigurationList section */
		AE7AF582278F77270084F89F /* Build configuration list for PBXProject "payze-ios-sdk-example" */ = {
			isa = XCConfigurationList;
			buildConfigurations = (
				AE7AF599278F77290084F89F /* Debug */,
				AE7AF59A278F77290084F89F /* Release */,
			);
			defaultConfigurationIsVisible = 0;
			defaultConfigurationName = Release;
		};
		AE7AF59B278F77290084F89F /* Build configuration list for PBXNativeTarget "payze-ios-sdk-example" */ = {
			isa = XCConfigurationList;
			buildConfigurations = (
				AE7AF59C278F77290084F89F /* Debug */,
				AE7AF59D278F77290084F89F /* Release */,
			);
			defaultConfigurationIsVisible = 0;
			defaultConfigurationName = Release;
		};
/* End XCConfigurationList section */
	};
	rootObject = AE7AF57F278F77270084F89F /* Project object */;
}
